// !$*UTF8*$!
{
	archiveVersion = 1;
	classes = {
	};
	objectVersion = 55;
	objects = {

/* Begin PBXBuildFile section */
		4BA27E0849AA4983FA218330 /* Pods_PhotoSharingWithParse.framework in Frameworks */ = {isa = PBXBuildFile; fileRef = BF34DC02F54031C76D5B10C0 /* Pods_PhotoSharingWithParse.framework */; };
		715F38332812F007004E76C9 /* FeedTableViewCell.swift in Sources */ = {isa = PBXBuildFile; fileRef = 715F38322812F007004E76C9 /* FeedTableViewCell.swift */; };
		715F38352812F28C004E76C9 /* Post.swift in Sources */ = {isa = PBXBuildFile; fileRef = 715F38342812F28C004E76C9 /* Post.swift */; };
		716200A6280E742700906910 /* AppDelegate.swift in Sources */ = {isa = PBXBuildFile; fileRef = 716200A5280E742700906910 /* AppDelegate.swift */; };
		716200A8280E742700906910 /* SceneDelegate.swift in Sources */ = {isa = PBXBuildFile; fileRef = 716200A7280E742700906910 /* SceneDelegate.swift */; };
		716200AA280E742700906910 /* ViewController.swift in Sources */ = {isa = PBXBuildFile; fileRef = 716200A9280E742700906910 /* ViewController.swift */; };
		716200AD280E742700906910 /* Main.storyboard in Resources */ = {isa = PBXBuildFile; fileRef = 716200AB280E742700906910 /* Main.storyboard */; };
		716200AF280E742900906910 /* Assets.xcassets in Resources */ = {isa = PBXBuildFile; fileRef = 716200AE280E742900906910 /* Assets.xcassets */; };
		716200B2280E742900906910 /* LaunchScreen.storyboard in Resources */ = {isa = PBXBuildFile; fileRef = 716200B0280E742900906910 /* LaunchScreen.storyboard */; };
		7179F5EA2810076C0022B3EA /* FeedViewController.swift in Sources */ = {isa = PBXBuildFile; fileRef = 7179F5E92810076C0022B3EA /* FeedViewController.swift */; };
		7179F5EC281007830022B3EA /* UploadViewController.swift in Sources */ = {isa = PBXBuildFile; fileRef = 7179F5EB281007830022B3EA /* UploadViewController.swift */; };
		7179F5EE28114E550022B3EA /* SettingsViewController.swift in Sources */ = {isa = PBXBuildFile; fileRef = 7179F5ED28114E550022B3EA /* SettingsViewController.swift */; };
/* End PBXBuildFile section */

/* Begin PBXFileReference section */
		2EFD6A60A84732D86F4EB47E /* Pods-PhotoSharingWithParse.debug.xcconfig */ = {isa = PBXFileReference; includeInIndex = 1; lastKnownFileType = text.xcconfig; name = "Pods-PhotoSharingWithParse.debug.xcconfig"; path = "Target Support Files/Pods-PhotoSharingWithParse/Pods-PhotoSharingWithParse.debug.xcconfig"; sourceTree = "<group>"; };
		715F38322812F007004E76C9 /* FeedTableViewCell.swift */ = {isa = PBXFileReference; lastKnownFileType = sourcecode.swift; path = FeedTableViewCell.swift; sourceTree = "<group>"; };
		715F38342812F28C004E76C9 /* Post.swift */ = {isa = PBXFileReference; lastKnownFileType = sourcecode.swift; path = Post.swift; sourceTree = "<group>"; };
		716200A2280E742700906910 /* PhotoSharingWithParse.app */ = {isa = PBXFileReference; explicitFileType = wrapper.application; includeInIndex = 0; path = PhotoSharingWithParse.app; sourceTree = BUILT_PRODUCTS_DIR; };
		716200A5280E742700906910 /* AppDelegate.swift */ = {isa = PBXFileReference; lastKnownFileType = sourcecode.swift; path = AppDelegate.swift; sourceTree = "<group>"; };
		716200A7280E742700906910 /* SceneDelegate.swift */ = {isa = PBXFileReference; lastKnownFileType = sourcecode.swift; path = SceneDelegate.swift; sourceTree = "<group>"; };
		716200A9280E742700906910 /* ViewController.swift */ = {isa = PBXFileReference; lastKnownFileType = sourcecode.swift; path = ViewController.swift; sourceTree = "<group>"; };
		716200AC280E742700906910 /* Base */ = {isa = PBXFileReference; lastKnownFileType = file.storyboard; name = Base; path = Base.lproj/Main.storyboard; sourceTree = "<group>"; };
		716200AE280E742900906910 /* Assets.xcassets */ = {isa = PBXFileReference; lastKnownFileType = folder.assetcatalog; path = Assets.xcassets; sourceTree = "<group>"; };
		716200B1280E742900906910 /* Base */ = {isa = PBXFileReference; lastKnownFileType = file.storyboard; name = Base; path = Base.lproj/LaunchScreen.storyboard; sourceTree = "<group>"; };
		716200B3280E742900906910 /* Info.plist */ = {isa = PBXFileReference; lastKnownFileType = text.plist.xml; path = Info.plist; sourceTree = "<group>"; };
		7179F5E92810076C0022B3EA /* FeedViewController.swift */ = {isa = PBXFileReference; lastKnownFileType = sourcecode.swift; path = FeedViewController.swift; sourceTree = "<group>"; };
		7179F5EB281007830022B3EA /* UploadViewController.swift */ = {isa = PBXFileReference; lastKnownFileType = sourcecode.swift; path = UploadViewController.swift; sourceTree = "<group>"; };
		7179F5ED28114E550022B3EA /* SettingsViewController.swift */ = {isa = PBXFileReference; lastKnownFileType = sourcecode.swift; path = SettingsViewController.swift; sourceTree = "<group>"; };
		BF34DC02F54031C76D5B10C0 /* Pods_PhotoSharingWithParse.framework */ = {isa = PBXFileReference; explicitFileType = wrapper.framework; includeInIndex = 0; path = Pods_PhotoSharingWithParse.framework; sourceTree = BUILT_PRODUCTS_DIR; };
		FC8384EAA705D55145730B7F /* Pods-PhotoSharingWithParse.release.xcconfig */ = {isa = PBXFileReference; includeInIndex = 1; lastKnownFileType = text.xcconfig; name = "Pods-PhotoSharingWithParse.release.xcconfig"; path = "Target Support Files/Pods-PhotoSharingWithParse/Pods-PhotoSharingWithParse.release.xcconfig"; sourceTree = "<group>"; };
/* End PBXFileReference section */

/* Begin PBXFrameworksBuildPhase section */
		7162009F280E742700906910 /* Frameworks */ = {
			isa = PBXFrameworksBuildPhase;
			buildActionMask = 2147483647;
			files = (
				4BA27E0849AA4983FA218330 /* Pods_PhotoSharingWithParse.framework in Frameworks */,
			);
			runOnlyForDeploymentPostprocessing = 0;
		};
/* End PBXFrameworksBuildPhase section */

/* Begin PBXGroup section */
		456EF90A1709C94B3030466F /* Frameworks */ = {
			isa = PBXGroup;
			children = (
				BF34DC02F54031C76D5B10C0 /* Pods_PhotoSharingWithParse.framework */,
			);
			name = Frameworks;
			sourceTree = "<group>";
		};
		6C475EAAD54DE8265ABC1607 /* Pods */ = {
			isa = PBXGroup;
			children = (
				2EFD6A60A84732D86F4EB47E /* Pods-PhotoSharingWithParse.debug.xcconfig */,
				FC8384EAA705D55145730B7F /* Pods-PhotoSharingWithParse.release.xcconfig */,
			);
			path = Pods;
			sourceTree = "<group>";
		};
		71620099280E742700906910 = {
			isa = PBXGroup;
			children = (
				716200A4280E742700906910 /* PhotoSharingWithParse */,
				716200A3280E742700906910 /* Products */,
				6C475EAAD54DE8265ABC1607 /* Pods */,
				456EF90A1709C94B3030466F /* Frameworks */,
			);
			sourceTree = "<group>";
		};
		716200A3280E742700906910 /* Products */ = {
			isa = PBXGroup;
			children = (
				716200A2280E742700906910 /* PhotoSharingWithParse.app */,
			);
			name = Products;
			sourceTree = "<group>";
		};
		716200A4280E742700906910 /* PhotoSharingWithParse */ = {
			isa = PBXGroup;
			children = (
				716200A5280E742700906910 /* AppDelegate.swift */,
				716200A7280E742700906910 /* SceneDelegate.swift */,
				715F38322812F007004E76C9 /* FeedTableViewCell.swift */,
				7179F5E92810076C0022B3EA /* FeedViewController.swift */,
				7179F5EB281007830022B3EA /* UploadViewController.swift */,
				7179F5ED28114E550022B3EA /* SettingsViewController.swift */,
				716200A9280E742700906910 /* ViewController.swift */,
				715F38342812F28C004E76C9 /* Post.swift */,
				716200AB280E742700906910 /* Main.storyboard */,
				716200AE280E742900906910 /* Assets.xcassets */,
				716200B0280E742900906910 /* LaunchScreen.storyboard */,
				716200B3280E742900906910 /* Info.plist */,
			);
			path = PhotoSharingWithParse;
			sourceTree = "<group>";
		};
/* End PBXGroup section */

/* Begin PBXNativeTarget section */
		716200A1280E742700906910 /* PhotoSharingWithParse */ = {
			isa = PBXNativeTarget;
			buildConfigurationList = 716200B6280E742900906910 /* Build configuration list for PBXNativeTarget "PhotoSharingWithParse" */;
			buildPhases = (
				AA9DEAACC6AAC6CCB258EDCD /* [CP] Check Pods Manifest.lock */,
				7162009E280E742700906910 /* Sources */,
				7162009F280E742700906910 /* Frameworks */,
				716200A0280E742700906910 /* Resources */,
				1E3E67592798403859AE8B83 /* [CP] Embed Pods Frameworks */,
			);
			buildRules = (
			);
			dependencies = (
			);
			name = PhotoSharingWithParse;
			productName = PhotoSharingWithParse;
			productReference = 716200A2280E742700906910 /* PhotoSharingWithParse.app */;
			productType = "com.apple.product-type.application";
		};
/* End PBXNativeTarget section */

/* Begin PBXProject section */
		7162009A280E742700906910 /* Project object */ = {
			isa = PBXProject;
			attributes = {
				BuildIndependentTargetsInParallel = 1;
				LastSwiftUpdateCheck = 1330;
				LastUpgradeCheck = 1330;
				TargetAttributes = {
					716200A1280E742700906910 = {
						CreatedOnToolsVersion = 13.3.1;
					};
				};
			};
			buildConfigurationList = 7162009D280E742700906910 /* Build configuration list for PBXProject "PhotoSharingWithParse" */;
			compatibilityVersion = "Xcode 13.0";
			developmentRegion = en;
			hasScannedForEncodings = 0;
			knownRegions = (
				en,
				Base,
			);
			mainGroup = 71620099280E742700906910;
			productRefGroup = 716200A3280E742700906910 /* Products */;
			projectDirPath = "";
			projectRoot = "";
			targets = (
				716200A1280E742700906910 /* PhotoSharingWithParse */,
			);
		};
/* End PBXProject section */

/* Begin PBXResourcesBuildPhase section */
		716200A0280E742700906910 /* Resources */ = {
			isa = PBXResourcesBuildPhase;
			buildActionMask = 2147483647;
			files = (
				716200B2280E742900906910 /* LaunchScreen.storyboard in Resources */,
				716200AF280E742900906910 /* Assets.xcassets in Resources */,
				716200AD280E742700906910 /* Main.storyboard in Resources */,
			);
			runOnlyForDeploymentPostprocessing = 0;
		};
/* End PBXResourcesBuildPhase section */

/* Begin PBXShellScriptBuildPhase section */
		1E3E67592798403859AE8B83 /* [CP] Embed Pods Frameworks */ = {
			isa = PBXShellScriptBuildPhase;
			buildActionMask = 2147483647;
			files = (
			);
			inputFileListPaths = (
				"${PODS_ROOT}/Target Support Files/Pods-PhotoSharingWithParse/Pods-PhotoSharingWithParse-frameworks-${CONFIGURATION}-input-files.xcfilelist",
			);
			name = "[CP] Embed Pods Frameworks";
			outputFileListPaths = (
				"${PODS_ROOT}/Target Support Files/Pods-PhotoSharingWithParse/Pods-PhotoSharingWithParse-frameworks-${CONFIGURATION}-output-files.xcfilelist",
			);
			runOnlyForDeploymentPostprocessing = 0;
			shellPath = /bin/sh;
			shellScript = "\"${PODS_ROOT}/Target Support Files/Pods-PhotoSharingWithParse/Pods-PhotoSharingWithParse-frameworks.sh\"\n";
			showEnvVarsInLog = 0;
		};
		AA9DEAACC6AAC6CCB258EDCD /* [CP] Check Pods Manifest.lock */ = {
			isa = PBXShellScriptBuildPhase;
			buildActionMask = 2147483647;
			files = (
			);
			inputFileListPaths = (
			);
			inputPaths = (
				"${PODS_PODFILE_DIR_PATH}/Podfile.lock",
				"${PODS_ROOT}/Manifest.lock",
			);
			name = "[CP] Check Pods Manifest.lock";
			outputFileListPaths = (
			);
			outputPaths = (
				"$(DERIVED_FILE_DIR)/Pods-PhotoSharingWithParse-checkManifestLockResult.txt",
			);
			runOnlyForDeploymentPostprocessing = 0;
			shellPath = /bin/sh;
			shellScript = "diff \"${PODS_PODFILE_DIR_PATH}/Podfile.lock\" \"${PODS_ROOT}/Manifest.lock\" > /dev/null\nif [ $? != 0 ] ; then\n    # print error to STDERR\n    echo \"error: The sandbox is not in sync with the Podfile.lock. Run 'pod install' or update your CocoaPods installation.\" >&2\n    exit 1\nfi\n# This output is used by Xcode 'outputs' to avoid re-running this script phase.\necho \"SUCCESS\" > \"${SCRIPT_OUTPUT_FILE_0}\"\n";
			showEnvVarsInLog = 0;
		};
/* End PBXShellScriptBuildPhase section */

/* Begin PBXSourcesBuildPhase section */
		7162009E280E742700906910 /* Sources */ = {
			isa = PBXSourcesBuildPhase;
			buildActionMask = 2147483647;
			files = (
				716200AA280E742700906910 /* ViewController.swift in Sources */,
				7179F5EC281007830022B3EA /* UploadViewController.swift in Sources */,
				715F38332812F007004E76C9 /* FeedTableViewCell.swift in Sources */,
				715F38352812F28C004E76C9 /* Post.swift in Sources */,
				716200A6280E742700906910 /* AppDelegate.swift in Sources */,
				7179F5EA2810076C0022B3EA /* FeedViewController.swift in Sources */,
				716200A8280E742700906910 /* SceneDelegate.swift in Sources */,
				7179F5EE28114E550022B3EA /* SettingsViewController.swift in Sources */,
			);
			runOnlyForDeploymentPostprocessing = 0;
		};
/* End PBXSourcesBuildPhase section */

/* Begin PBXVariantGroup section */
		716200AB280E742700906910 /* Main.storyboard */ = {
			isa = PBXVariantGroup;
			children = (
				716200AC280E742700906910 /* Base */,
			);
			name = Main.storyboard;
			sourceTree = "<group>";
		};
		716200B0280E742900906910 /* LaunchScreen.storyboard */ = {
			isa = PBXVariantGroup;
			children = (
				716200B1280E742900906910 /* Base */,
			);
			name = LaunchScreen.storyboard;
			sourceTree = "<group>";
		};
/* End PBXVariantGroup section */

/* Begin XCBuildConfiguration section */
		716200B4280E742900906910 /* Debug */ = {
			isa = XCBuildConfiguration;
			buildSettings = {
				ALWAYS_SEARCH_USER_PATHS = NO;
				CLANG_ANALYZER_NONNULL = YES;
				CLANG_ANALYZER_NUMBER_OBJECT_CONVERSION = YES_AGGRESSIVE;
				CLANG_CXX_LANGUAGE_STANDARD = "gnu++17";
				CLANG_ENABLE_MODULES = YES;
				CLANG_ENABLE_OBJC_ARC = YES;
				CLANG_ENABLE_OBJC_WEAK = YES;
				CLANG_WARN_BLOCK_CAPTURE_AUTORELEASING = YES;
				CLANG_WARN_BOOL_CONVERSION = YES;
				CLANG_WARN_COMMA = YES;
				CLANG_WARN_CONSTANT_CONVERSION = YES;
				CLANG_WARN_DEPRECATED_OBJC_IMPLEMENTATIONS = YES;
				CLANG_WARN_DIRECT_OBJC_ISA_USAGE = YES_ERROR;
				CLANG_WARN_DOCUMENTATION_COMMENTS = YES;
				CLANG_WARN_EMPTY_BODY = YES;
				CLANG_WARN_ENUM_CONVERSION = YES;
				CLANG_WARN_INFINITE_RECURSION = YES;
				CLANG_WARN_INT_CONVERSION = YES;
				CLANG_WARN_NON_LITERAL_NULL_CONVERSION = YES;
				CLANG_WARN_OBJC_IMPLICIT_RETAIN_SELF = YES;
				CLANG_WARN_OBJC_LITERAL_CONVERSION = YES;
				CLANG_WARN_OBJC_ROOT_CLASS = YES_ERROR;
				CLANG_WARN_QUOTED_INCLUDE_IN_FRAMEWORK_HEADER = YES;
				CLANG_WARN_RANGE_LOOP_ANALYSIS = YES;
				CLANG_WARN_STRICT_PROTOTYPES = YES;
				CLANG_WARN_SUSPICIOUS_MOVE = YES;
				CLANG_WARN_UNGUARDED_AVAILABILITY = YES_AGGRESSIVE;
				CLANG_WARN_UNREACHABLE_CODE = YES;
				CLANG_WARN__DUPLICATE_METHOD_MATCH = YES;
				COPY_PHASE_STRIP = NO;
				DEBUG_INFORMATION_FORMAT = dwarf;
				ENABLE_STRICT_OBJC_MSGSEND = YES;
				ENABLE_TESTABILITY = YES;
				GCC_C_LANGUAGE_STANDARD = gnu11;
				GCC_DYNAMIC_NO_PIC = NO;
				GCC_NO_COMMON_BLOCKS = YES;
				GCC_OPTIMIZATION_LEVEL = 0;
				GCC_PREPROCESSOR_DEFINITIONS = (
					"DEBUG=1",
					"$(inherited)",
				);
				GCC_WARN_64_TO_32_BIT_CONVERSION = YES;
				GCC_WARN_ABOUT_RETURN_TYPE = YES_ERROR;
				GCC_WARN_UNDECLARED_SELECTOR = YES;
				GCC_WARN_UNINITIALIZED_AUTOS = YES_AGGRESSIVE;
				GCC_WARN_UNUSED_FUNCTION = YES;
				GCC_WARN_UNUSED_VARIABLE = YES;
				IPHONEOS_DEPLOYMENT_TARGET = 15.4;
				MTL_ENABLE_DEBUG_INFO = INCLUDE_SOURCE;
				MTL_FAST_MATH = YES;
				ONLY_ACTIVE_ARCH = YES;
				SDKROOT = iphoneos;
				SWIFT_ACTIVE_COMPILATION_CONDITIONS = DEBUG;
				SWIFT_OPTIMIZATION_LEVEL = "-Onone";
			};
			name = Debug;
		};
		716200B5280E742900906910 /* Release */ = {
			isa = XCBuildConfiguration;
			buildSettings = {
				ALWAYS_SEARCH_USER_PATHS = NO;
				CLANG_ANALYZER_NONNULL = YES;
				CLANG_ANALYZER_NUMBER_OBJECT_CONVERSION = YES_AGGRESSIVE;
				CLANG_CXX_LANGUAGE_STANDARD = "gnu++17";
				CLANG_ENABLE_MODULES = YES;
				CLANG_ENABLE_OBJC_ARC = YES;
				CLANG_ENABLE_OBJC_WEAK = YES;
				CLANG_WARN_BLOCK_CAPTURE_AUTORELEASING = YES;
				CLANG_WARN_BOOL_CONVERSION = YES;
				CLANG_WARN_COMMA = YES;
				CLANG_WARN_CONSTANT_CONVERSION = YES;
				CLANG_WARN_DEPRECATED_OBJC_IMPLEMENTATIONS = YES;
				CLANG_WARN_DIRECT_OBJC_ISA_USAGE = YES_ERROR;
				CLANG_WARN_DOCUMENTATION_COMMENTS = YES;
				CLANG_WARN_EMPTY_BODY = YES;
				CLANG_WARN_ENUM_CONVERSION = YES;
				CLANG_WARN_INFINITE_RECURSION = YES;
				CLANG_WARN_INT_CONVERSION = YES;
				CLANG_WARN_NON_LITERAL_NULL_CONVERSION = YES;
				CLANG_WARN_OBJC_IMPLICIT_RETAIN_SELF = YES;
				CLANG_WARN_OBJC_LITERAL_CONVERSION = YES;
				CLANG_WARN_OBJC_ROOT_CLASS = YES_ERROR;
				CLANG_WARN_QUOTED_INCLUDE_IN_FRAMEWORK_HEADER = YES;
				CLANG_WARN_RANGE_LOOP_ANALYSIS = YES;
				CLANG_WARN_STRICT_PROTOTYPES = YES;
				CLANG_WARN_SUSPICIOUS_MOVE = YES;
				CLANG_WARN_UNGUARDED_AVAILABILITY = YES_AGGRESSIVE;
				CLANG_WARN_UNREACHABLE_CODE = YES;
				CLANG_WARN__DUPLICATE_METHOD_MATCH = YES;
				COPY_PHASE_STRIP = NO;
				DEBUG_INFORMATION_FORMAT = "dwarf-with-dsym";
				ENABLE_NS_ASSERTIONS = NO;
				ENABLE_STRICT_OBJC_MSGSEND = YES;
				GCC_C_LANGUAGE_STANDARD = gnu11;
				GCC_NO_COMMON_BLOCKS = YES;
				GCC_WARN_64_TO_32_BIT_CONVERSION = YES;
				GCC_WARN_ABOUT_RETURN_TYPE = YES_ERROR;
				GCC_WARN_UNDECLARED_SELECTOR = YES;
				GCC_WARN_UNINITIALIZED_AUTOS = YES_AGGRESSIVE;
				GCC_WARN_UNUSED_FUNCTION = YES;
				GCC_WARN_UNUSED_VARIABLE = YES;
				IPHONEOS_DEPLOYMENT_TARGET = 15.4;
				MTL_ENABLE_DEBUG_INFO = NO;
				MTL_FAST_MATH = YES;
				SDKROOT = iphoneos;
				SWIFT_COMPILATION_MODE = wholemodule;
				SWIFT_OPTIMIZATION_LEVEL = "-O";
				VALIDATE_PRODUCT = YES;
			};
			name = Release;
		};
		716200B7280E742900906910 /* Debug */ = {
			isa = XCBuildConfiguration;
			baseConfigurationReference = 2EFD6A60A84732D86F4EB47E /* Pods-PhotoSharingWithParse.debug.xcconfig */;
			buildSettings = {
				ASSETCATALOG_COMPILER_APPICON_NAME = AppIcon;
				ASSETCATALOG_COMPILER_GLOBAL_ACCENT_COLOR_NAME = AccentColor;
				CODE_SIGN_STYLE = Automatic;
				CURRENT_PROJECT_VERSION = 1;
				DEVELOPMENT_TEAM = 7J5PN5WZ56;
				GENERATE_INFOPLIST_FILE = YES;
				INFOPLIST_FILE = PhotoSharingWithParse/Info.plist;
				INFOPLIST_KEY_UIApplicationSupportsIndirectInputEvents = YES;
				INFOPLIST_KEY_UILaunchStoryboardName = LaunchScreen;
				INFOPLIST_KEY_UIMainStoryboardFile = Main;
				INFOPLIST_KEY_UISupportedInterfaceOrientations_iPad = "UIInterfaceOrientationPortrait UIInterfaceOrientationPortraitUpsideDown UIInterfaceOrientationLandscapeLeft UIInterfaceOrientationLandscapeRight";
				INFOPLIST_KEY_UISupportedInterfaceOrientations_iPhone = "UIInterfaceOrientationPortrait UIInterfaceOrientationLandscapeLeft UIInterfaceOrientationLandscapeRight";
				LD_RUNPATH_SEARCH_PATHS = (
					"$(inherited)",
					"@executable_path/Frameworks",
				);
				MARKETING_VERSION = 1.0;
				PRODUCT_BUNDLE_IDENTIFIER = com.mervenurgulbagci.PhotoSharingWithParse;
				PRODUCT_NAME = "$(TARGET_NAME)";
				SWIFT_EMIT_LOC_STRINGS = YES;
				SWIFT_VERSION = 5.0;
				TARGETED_DEVICE_FAMILY = "1,2";
			};
			name = Debug;
		};
		716200B8280E742900906910 /* Release */ = {
			isa = XCBuildConfiguration;
			baseConfigurationReference = FC8384EAA705D55145730B7F /* Pods-PhotoSharingWithParse.release.xcconfig */;
			buildSettings = {
				ASSETCATALOG_COMPILER_APPICON_NAME = AppIcon;
				ASSETCATALOG_COMPILER_GLOBAL_ACCENT_COLOR_NAME = AccentColor;
				CODE_SIGN_STYLE = Automatic;
				CURRENT_PROJECT_VERSION = 1;
				DEVELOPMENT_TEAM = 7J5PN5WZ56;
				GENERATE_INFOPLIST_FILE = YES;
				INFOPLIST_FILE = PhotoSharingWithParse/Info.plist;
				INFOPLIST_KEY_UIApplicationSupportsIndirectInputEvents = YES;
				INFOPLIST_KEY_UILaunchStoryboardName = LaunchScreen;
				INFOPLIST_KEY_UIMainStoryboardFile = Main;
				INFOPLIST_KEY_UISupportedInterfaceOrientations_iPad = "UIInterfaceOrientationPortrait UIInterfaceOrientationPortraitUpsideDown UIInterfaceOrientationLandscapeLeft UIInterfaceOrientationLandscapeRight";
				INFOPLIST_KEY_UISupportedInterfaceOrientations_iPhone = "UIInterfaceOrientationPortrait UIInterfaceOrientationLandscapeLeft UIInterfaceOrientationLandscapeRight";
				LD_RUNPATH_SEARCH_PATHS = (
					"$(inherited)",
					"@executable_path/Frameworks",
				);
				MARKETING_VERSION = 1.0;
				PRODUCT_BUNDLE_IDENTIFIER = com.mervenurgulbagci.PhotoSharingWithParse;
				PRODUCT_NAME = "$(TARGET_NAME)";
				SWIFT_EMIT_LOC_STRINGS = YES;
				SWIFT_VERSION = 5.0;
				TARGETED_DEVICE_FAMILY = "1,2";
			};
			name = Release;
		};
/* End XCBuildConfiguration section */

/* Begin XCConfigurationList section */
		7162009D280E742700906910 /* Build configuration list for PBXProject "PhotoSharingWithParse" */ = {
			isa = XCConfigurationList;
			buildConfigurations = (
				716200B4280E742900906910 /* Debug */,
				716200B5280E742900906910 /* Release */,
			);
			defaultConfigurationIsVisible = 0;
			defaultConfigurationName = Release;
		};
		716200B6280E742900906910 /* Build configuration list for PBXNativeTarget "PhotoSharingWithParse" */ = {
			isa = XCConfigurationList;
			buildConfigurations = (
				716200B7280E742900906910 /* Debug */,
				716200B8280E742900906910 /* Release */,
			);
			defaultConfigurationIsVisible = 0;
			defaultConfigurationName = Release;
		};
/* End XCConfigurationList section */
	};
	rootObject = 7162009A280E742700906910 /* Project object */;
}
